
Microsoft Visual Studio Solution File, Format Version 12.00
# Visual Studio Version 17
VisualStudioVersion = 17.5.002.0
MinimumVisualStudioVersion = 10.0.40219.1
Project("{9A19103F-16F7-4668-BE54-9A1E7A4F7556}") = "JobBoard.Tests", "JobBoard.Tests\JobBoard.Tests.csproj", "{50E297DC-E855-4B53-A49D-530F2348CFAB}"
EndProject
Project("{9A19103F-16F7-4668-BE54-9A1E7A4F7556}") = "JobBoard", "JobBoard\JobBoard.csproj", "{7FB18257-F04D-46EF-BAC8-1C9F242ED9D3}"
EndProject
Global
	GlobalSection(SolutionConfigurationPlatforms) = preSolution
		Debug|Any CPU = Debug|Any CPU
		Release|Any CPU = Release|Any CPU
	EndGlobalSection
	GlobalSection(ProjectConfigurationPlatforms) = postSolution
		{50E297DC-E855-4B53-A49D-530F2348CFAB}.Debug|Any CPU.ActiveCfg = Debug|Any CPU
		{50E297DC-E855-4B53-A49D-530F2348CFAB}.Debug|Any CPU.Build.0 = Debug|Any CPU
		{50E297DC-E855-4B53-A49D-530F2348CFAB}.Release|Any CPU.ActiveCfg = Release|Any CPU
		{50E297DC-E855-4B53-A49D-530F2348CFAB}.Release|Any CPU.Build.0 = Release|Any CPU
		{7FB18257-F04D-46EF-BAC8-1C9F242ED9D3}.Debug|Any CPU.ActiveCfg = Debug|Any CPU
		{7FB18257-F04D-46EF-BAC8-1C9F242ED9D3}.Debug|Any CPU.Build.0 = Debug|Any CPU
		{7FB18257-F04D-46EF-BAC8-1C9F242ED9D3}.Release|Any CPU.ActiveCfg = Release|Any CPU
		{7FB18257-F04D-46EF-BAC8-1C9F242ED9D3}.Release|Any CPU.Build.0 = Release|Any CPU
	EndGlobalSection
	GlobalSection(SolutionProperties) = preSolution
		HideSolutionNode = FALSE
	EndGlobalSection
	GlobalSection(ExtensibilityGlobals) = postSolution
		SolutionGuid = {4FAF5EE7-587F-46CE-8418-1C911BFDEDB8}
	EndGlobalSection
EndGlobal
